
Microsoft Visual Studio Solution File, Format Version 12.00
# Visual Studio Version 16
VisualStudioVersion = 16.0.29820.132
MinimumVisualStudioVersion = 10.0.40219.1
Project("{9A19103F-16F7-4668-BE54-9A1E7A4F7556}") = "WebVenta", "WebVenta.csproj", "{0FF74D82-D03E-46B3-B723-FD3B235C4130}"
EndProject
Global
	GlobalSection(SolutionConfigurationPlatforms) = preSolution
		Debug|Any CPU = Debug|Any CPU
		Release|Any CPU = Release|Any CPU
	EndGlobalSection
	GlobalSection(ProjectConfigurationPlatforms) = postSolution
		{0FF74D82-D03E-46B3-B723-FD3B235C4130}.Debug|Any CPU.ActiveCfg = Debug|Any CPU
		{0FF74D82-D03E-46B3-B723-FD3B235C4130}.Debug|Any CPU.Build.0 = Debug|Any CPU
		{0FF74D82-D03E-46B3-B723-FD3B235C4130}.Release|Any CPU.ActiveCfg = Release|Any CPU
		{0FF74D82-D03E-46B3-B723-FD3B235C4130}.Release|Any CPU.Build.0 = Release|Any CPU
	EndGlobalSection
	GlobalSection(SolutionProperties) = preSolution
		HideSolutionNode = FALSE
	EndGlobalSection
	GlobalSection(ExtensibilityGlobals) = postSolution
		SolutionGuid = {9387814D-ABD2-484D-83C1-98294C957879}
	EndGlobalSection
EndGlobal
